
Microsoft Visual Studio Solution File, Format Version 12.00
# Visual Studio Version 17
VisualStudioVersion = 17.9.34728.123
MinimumVisualStudioVersion = 10.0.40219.1
Project("{FAE04EC0-301F-11D3-BF4B-00C04F79EFBC}") = "EasyChat.Server", "EasyChat.Server\EasyChat.Server.csproj", "{2AD6396C-E5E5-4F35-98CB-01B5A799902A}"
EndProject
Project("{FAE04EC0-301F-11D3-BF4B-00C04F79EFBC}") = "EasyChat", "EasyChat\EasyChat.csproj", "{C6C8F1F6-9E46-4478-8B43-1C5C035C7638}"
EndProject
Project("{FAE04EC0-301F-11D3-BF4B-00C04F79EFBC}") = "EasyChat.Common", "EasyChat.Common\EasyChat.Common.csproj", "{1E5B5B40-5111-4795-AECF-EFE391BA4DFF}"
EndProject
Global
	GlobalSection(SolutionConfigurationPlatforms) = preSolution
		Debug|Any CPU = Debug|Any CPU
		Release|Any CPU = Release|Any CPU
	EndGlobalSection
	GlobalSection(ProjectConfigurationPlatforms) = postSolution
		{2AD6396C-E5E5-4F35-98CB-01B5A799902A}.Debug|Any CPU.ActiveCfg = Debug|Any CPU
		{2AD6396C-E5E5-4F35-98CB-01B5A799902A}.Debug|Any CPU.Build.0 = Debug|Any CPU
		{2AD6396C-E5E5-4F35-98CB-01B5A799902A}.Release|Any CPU.ActiveCfg = Release|Any CPU
		{2AD6396C-E5E5-4F35-98CB-01B5A799902A}.Release|Any CPU.Build.0 = Release|Any CPU
		{C6C8F1F6-9E46-4478-8B43-1C5C035C7638}.Debug|Any CPU.ActiveCfg = Debug|Any CPU
		{C6C8F1F6-9E46-4478-8B43-1C5C035C7638}.Debug|Any CPU.Build.0 = Debug|Any CPU
		{C6C8F1F6-9E46-4478-8B43-1C5C035C7638}.Release|Any CPU.ActiveCfg = Release|Any CPU
		{C6C8F1F6-9E46-4478-8B43-1C5C035C7638}.Release|Any CPU.Build.0 = Release|Any CPU
		{1E5B5B40-5111-4795-AECF-EFE391BA4DFF}.Debug|Any CPU.ActiveCfg = Debug|Any CPU
		{1E5B5B40-5111-4795-AECF-EFE391BA4DFF}.Debug|Any CPU.Build.0 = Debug|Any CPU
		{1E5B5B40-5111-4795-AECF-EFE391BA4DFF}.Release|Any CPU.ActiveCfg = Release|Any CPU
		{1E5B5B40-5111-4795-AECF-EFE391BA4DFF}.Release|Any CPU.Build.0 = Release|Any CPU
	EndGlobalSection
	GlobalSection(SolutionProperties) = preSolution
		HideSolutionNode = FALSE
	EndGlobalSection
	GlobalSection(ExtensibilityGlobals) = postSolution
		SolutionGuid = {2255BFD2-6251-471D-87FD-EB518E800967}
	EndGlobalSection
EndGlobal
